
Microsoft Visual Studio Solution File, Format Version 12.00
# Visual Studio Version 17
VisualStudioVersion = 17.1.31911.260
MinimumVisualStudioVersion = 10.0.40219.1
Project("{2150E333-8FDC-42A3-9474-1A3956D46DE8}") = "src", "src", "{4516D462-693F-45ED-A0F1-5B12121244E9}"
EndProject
Project("{2150E333-8FDC-42A3-9474-1A3956D46DE8}") = "Solution Items", "Solution Items", "{3909A17E-59F2-4E67-8754-7AA925E78105}"
	ProjectSection(SolutionItems) = preProject
		.editorconfig = .editorconfig
		.gitignore = .gitignore
	EndProjectSection
EndProject
Project("{9A19103F-16F7-4668-BE54-9A1E7A4F7556}") = "CosmosSample.BlazorApp", "src\CosmosSample.BlazorApp\CosmosSample.BlazorApp.csproj", "{C1D6E322-5FC8-4975-8A77-695BCA4BCA12}"
EndProject
Project("{9A19103F-16F7-4668-BE54-9A1E7A4F7556}") = "CosmosSample.Data", "src\CosmosSample.Data\CosmosSample.Data.csproj", "{529C2D9B-CF21-4748-BFFF-3C485394BF94}"
EndProject
Project("{9A19103F-16F7-4668-BE54-9A1E7A4F7556}") = "CosmosSample.Domain", "src\CosmosSample.Domain\CosmosSample.Domain.csproj", "{8FCF58DC-7B0A-4A5E-B1E5-7932A82E1823}"
EndProject
Project("{2150E333-8FDC-42A3-9474-1A3956D46DE8}") = "tests", "tests", "{939B5538-ADAB-4FBC-89CC-CB6B59438BB7}"
EndProject
Project("{9A19103F-16F7-4668-BE54-9A1E7A4F7556}") = "CosmosSample_AzFunctions", "src\CosmosSample.AzFunctions\CosmosSample_AzFunctions.csproj", "{37C798F2-0F30-4B3F-8DB9-9789810C90FA}"
EndProject
Project("{FAE04EC0-301F-11D3-BF4B-00C04F79EFBC}") = "CosmosSample.MauiCRM", "src\CosmosSample.MauiCRM\CosmosSample.MauiCRM.csproj", "{02D8DDAB-0275-492A-80B3-DA37FFF54C86}"
EndProject
Global
	GlobalSection(SolutionConfigurationPlatforms) = preSolution
		Debug|Any CPU = Debug|Any CPU
		Release|Any CPU = Release|Any CPU
	EndGlobalSection
	GlobalSection(ProjectConfigurationPlatforms) = postSolution
		{C1D6E322-5FC8-4975-8A77-695BCA4BCA12}.Debug|Any CPU.ActiveCfg = Debug|Any CPU
		{C1D6E322-5FC8-4975-8A77-695BCA4BCA12}.Debug|Any CPU.Build.0 = Debug|Any CPU
		{C1D6E322-5FC8-4975-8A77-695BCA4BCA12}.Release|Any CPU.ActiveCfg = Release|Any CPU
		{C1D6E322-5FC8-4975-8A77-695BCA4BCA12}.Release|Any CPU.Build.0 = Release|Any CPU
		{529C2D9B-CF21-4748-BFFF-3C485394BF94}.Debug|Any CPU.ActiveCfg = Debug|Any CPU
		{529C2D9B-CF21-4748-BFFF-3C485394BF94}.Debug|Any CPU.Build.0 = Debug|Any CPU
		{529C2D9B-CF21-4748-BFFF-3C485394BF94}.Release|Any CPU.ActiveCfg = Release|Any CPU
		{529C2D9B-CF21-4748-BFFF-3C485394BF94}.Release|Any CPU.Build.0 = Release|Any CPU
		{8FCF58DC-7B0A-4A5E-B1E5-7932A82E1823}.Debug|Any CPU.ActiveCfg = Debug|Any CPU
		{8FCF58DC-7B0A-4A5E-B1E5-7932A82E1823}.Debug|Any CPU.Build.0 = Debug|Any CPU
		{8FCF58DC-7B0A-4A5E-B1E5-7932A82E1823}.Release|Any CPU.ActiveCfg = Release|Any CPU
		{8FCF58DC-7B0A-4A5E-B1E5-7932A82E1823}.Release|Any CPU.Build.0 = Release|Any CPU
		{37C798F2-0F30-4B3F-8DB9-9789810C90FA}.Debug|Any CPU.ActiveCfg = Debug|Any CPU
		{37C798F2-0F30-4B3F-8DB9-9789810C90FA}.Debug|Any CPU.Build.0 = Debug|Any CPU
		{37C798F2-0F30-4B3F-8DB9-9789810C90FA}.Release|Any CPU.ActiveCfg = Release|Any CPU
		{37C798F2-0F30-4B3F-8DB9-9789810C90FA}.Release|Any CPU.Build.0 = Release|Any CPU
		{02D8DDAB-0275-492A-80B3-DA37FFF54C86}.Debug|Any CPU.ActiveCfg = Debug|Any CPU
		{02D8DDAB-0275-492A-80B3-DA37FFF54C86}.Debug|Any CPU.Build.0 = Debug|Any CPU
		{02D8DDAB-0275-492A-80B3-DA37FFF54C86}.Debug|Any CPU.Deploy.0 = Debug|Any CPU
		{02D8DDAB-0275-492A-80B3-DA37FFF54C86}.Release|Any CPU.ActiveCfg = Release|Any CPU
		{02D8DDAB-0275-492A-80B3-DA37FFF54C86}.Release|Any CPU.Build.0 = Release|Any CPU
		{02D8DDAB-0275-492A-80B3-DA37FFF54C86}.Release|Any CPU.Deploy.0 = Release|Any CPU
	EndGlobalSection
	GlobalSection(SolutionProperties) = preSolution
		HideSolutionNode = FALSE
	EndGlobalSection
	GlobalSection(NestedProjects) = preSolution
		{C1D6E322-5FC8-4975-8A77-695BCA4BCA12} = {4516D462-693F-45ED-A0F1-5B12121244E9}
		{529C2D9B-CF21-4748-BFFF-3C485394BF94} = {4516D462-693F-45ED-A0F1-5B12121244E9}
		{8FCF58DC-7B0A-4A5E-B1E5-7932A82E1823} = {4516D462-693F-45ED-A0F1-5B12121244E9}
		{37C798F2-0F30-4B3F-8DB9-9789810C90FA} = {4516D462-693F-45ED-A0F1-5B12121244E9}
		{02D8DDAB-0275-492A-80B3-DA37FFF54C86} = {4516D462-693F-45ED-A0F1-5B12121244E9}
	EndGlobalSection
	GlobalSection(ExtensibilityGlobals) = postSolution
		SolutionGuid = {3D1E44C8-F998-45C3-BCC4-C0887B034CCD}
	EndGlobalSection
EndGlobal
